
Microsoft Visual Studio Solution File, Format Version 12.00
# Visual Studio Version 16
VisualStudioVersion = 16.0.29324.140
MinimumVisualStudioVersion = 10.0.40219.1
Project("{FAE04EC0-301F-11D3-BF4B-00C04F79EFBC}") = "Community", "Community\Community.csproj", "{F5E542AA-2578-4752-A909-391C0BB7C220}"
EndProject
Global
	GlobalSection(SolutionConfigurationPlatforms) = preSolution
		Debug|Any CPU = Debug|Any CPU
		Release|Any CPU = Release|Any CPU
	EndGlobalSection
	GlobalSection(ProjectConfigurationPlatforms) = postSolution
		{F5E542AA-2578-4752-A909-391C0BB7C220}.Debug|Any CPU.ActiveCfg = Debug|Any CPU
		{F5E542AA-2578-4752-A909-391C0BB7C220}.Debug|Any CPU.Build.0 = Debug|Any CPU
		{F5E542AA-2578-4752-A909-391C0BB7C220}.Debug|Any CPU.Deploy.0 = Debug|Any CPU
		{F5E542AA-2578-4752-A909-391C0BB7C220}.Release|Any CPU.ActiveCfg = Release|Any CPU
		{F5E542AA-2578-4752-A909-391C0BB7C220}.Release|Any CPU.Build.0 = Release|Any CPU
		{F5E542AA-2578-4752-A909-391C0BB7C220}.Release|Any CPU.Deploy.0 = Release|Any CPU
	EndGlobalSection
	GlobalSection(SolutionProperties) = preSolution
		HideSolutionNode = FALSE
	EndGlobalSection
	GlobalSection(ExtensibilityGlobals) = postSolution
		SolutionGuid = {FFCD55D1-A2F0-4C61-8F81-311B637CA319}
	EndGlobalSection
EndGlobal
